
Microsoft Visual Studio Solution File, Format Version 12.00
# Visual Studio 15
VisualStudioVersion = 15.0.28307.1145
MinimumVisualStudioVersion = 10.0.40219.1
Project("{FAE04EC0-301F-11D3-BF4B-00C04F79EFBC}") = "hw_dotnet", "hw_dotnet\hw_dotnet.csproj", "{7256FF07-73DA-4A62-84DB-5FD052678D4C}"
EndProject
Project("{2150E333-8FDC-42A3-9474-1A3956D46DE8}") = "HW_01", "HW_01", "{B030BE69-1E69-4419-AF12-E46769778C15}"
EndProject
Project("{FAE04EC0-301F-11D3-BF4B-00C04F79EFBC}") = "Task1", "HW_01\Task1\Task1.csproj", "{2DE9F314-9E95-44E2-A361-5127CA0698BE}"
EndProject
Project("{2150E333-8FDC-42A3-9474-1A3956D46DE8}") = "HW_02", "HW_02", "{1DDC3B02-197F-493F-8284-879774024A81}"
EndProject
Project("{FAE04EC0-301F-11D3-BF4B-00C04F79EFBC}") = "Task1", "HW_02\Task1\Task1.csproj", "{FD3D94B4-3F2C-4573-A97D-6DDE0F96038F}"
EndProject
Project("{FAE04EC0-301F-11D3-BF4B-00C04F79EFBC}") = "Task2", "HW_02\Task2\Task2.csproj", "{82672A82-A3A6-4AB6-BC11-C349B592D0D2}"
EndProject
Project("{FAE04EC0-301F-11D3-BF4B-00C04F79EFBC}") = "Task3", "HW_02\Task3\Task3.csproj", "{9A882FF1-027E-4F1A-8DFD-C65669B868D9}"
EndProject
Project("{2150E333-8FDC-42A3-9474-1A3956D46DE8}") = "HW_05", "HW_05", "{D480B1A9-5C40-411E-B23F-B3C7C6229D71}"
EndProject
Project("{9A19103F-16F7-4668-BE54-9A1E7A4F7556}") = "Task1", "HW_05\Task1\Task1.csproj", "{A896476F-9819-4ABC-9171-7973BB82813F}"
EndProject
Project("{9A19103F-16F7-4668-BE54-9A1E7A4F7556}") = "Task2", "HW_05\Task2\Task2.csproj", "{49DE9744-DE32-49B5-A30D-51D143CD8388}"
EndProject
Project("{FAE04EC0-301F-11D3-BF4B-00C04F79EFBC}") = "Task3", "HW_05\Task3\Task3.csproj", "{6E48601C-9826-4C2D-8AD9-C68441CEE0B8}"
EndProject
Project("{FAE04EC0-301F-11D3-BF4B-00C04F79EFBC}") = "Task4Additional", "Task4Additional\Task4Additional.csproj", "{FAA61FAB-2346-4EDC-A867-75C4591C21D5}"
EndProject
Project("{2150E333-8FDC-42A3-9474-1A3956D46DE8}") = "HW_04-1", "HW_04-1", "{4D68D644-B4A2-48E1-BC81-73E959D4D01D}"
EndProject
Project("{FAE04EC0-301F-11D3-BF4B-00C04F79EFBC}") = "Task1-1", "HW_04-1\Task1-1\Task1-1.csproj", "{5F780602-B881-4F87-9691-74EA4EC79361}"
EndProject
Project("{FAE04EC0-301F-11D3-BF4B-00C04F79EFBC}") = "Task2-1", "HW_04-1\Task2-1\Task2-1.csproj", "{BFD89BB1-75AF-4E3F-A667-4D9CC768BEEF}"
EndProject
Project("{FAE04EC0-301F-11D3-BF4B-00C04F79EFBC}") = "Task3-1", "HW_04-1\Task3-1\Task3-1.csproj", "{37C04F9A-6373-4047-AE8C-869CB40692FA}"
EndProject
Project("{FAE04EC0-301F-11D3-BF4B-00C04F79EFBC}") = "Task4-1", "HW_04-1\Task4-1\Task4-1.csproj", "{533F98CE-FF08-4C5D-A2CE-EAE0DFAC74DB}"
EndProject
Project("{FAE04EC0-301F-11D3-BF4B-00C04F79EFBC}") = "Task5-1", "HW_04-1\Task5-1\Task5-1.csproj", "{87E12935-B01F-4918-9644-327BFF6FF0A4}"
EndProject
Project("{FAE04EC0-301F-11D3-BF4B-00C04F79EFBC}") = "Task6-1", "HW_04-1\Task6-1\Task6-1.csproj", "{5D099EC2-6A27-444E-ACF6-20726396D199}"
EndProject
Project("{2150E333-8FDC-42A3-9474-1A3956D46DE8}") = "HW_09", "HW_09", "{9F37E7B0-3F28-4340-8CE1-B1EF0AD7AA34}"
EndProject
Project("{FAE04EC0-301F-11D3-BF4B-00C04F79EFBC}") = "Task1", "HW_09\Task1\Task1.csproj", "{289E05ED-94EB-4609-93D4-7D4A51FC7A57}"
EndProject
Project("{FAE04EC0-301F-11D3-BF4B-00C04F79EFBC}") = "Task2", "HW_09\Task2\Task2.csproj", "{4EF500E5-95BF-42BF-9ACD-E253FD8D8755}"
EndProject
Project("{FAE04EC0-301F-11D3-BF4B-00C04F79EFBC}") = "Task3Catalogue", "HW_09\Task3Catalogue\Task3Catalogue.csproj", "{E1F07666-0995-4261-BD62-052ECC172CFD}"
EndProject
Project("{2150E333-8FDC-42A3-9474-1A3956D46DE8}") = "HW_12", "HW_12", "{66BD8444-4DDE-4F97-8D0E-4579CE1D9CDD}"
EndProject
Project("{FAE04EC0-301F-11D3-BF4B-00C04F79EFBC}") = "Task 12-1", "HW_12\Task 12-1\Task 12-1.csproj", "{2BCD63B9-4831-48DF-94F0-3316832A1428}"
EndProject
Project("{FAE04EC0-301F-11D3-BF4B-00C04F79EFBC}") = "Task 12-2", "HW_12\Task 12-2\Task 12-2.csproj", "{8732740D-351F-484E-BFBD-5CCEEDF6F1B7}"
EndProject
Project("{FAE04EC0-301F-11D3-BF4B-00C04F79EFBC}") = "Task 12-3", "HW_12\Task 12-3\Task 12-3.csproj", "{E030373D-5DE6-4143-AB1C-F69AE26B90B3}"
EndProject
Global
	GlobalSection(SolutionConfigurationPlatforms) = preSolution
		Debug|Any CPU = Debug|Any CPU
		Release|Any CPU = Release|Any CPU
	EndGlobalSection
	GlobalSection(ProjectConfigurationPlatforms) = postSolution
		{7256FF07-73DA-4A62-84DB-5FD052678D4C}.Debug|Any CPU.ActiveCfg = Debug|Any CPU
		{7256FF07-73DA-4A62-84DB-5FD052678D4C}.Debug|Any CPU.Build.0 = Debug|Any CPU
		{7256FF07-73DA-4A62-84DB-5FD052678D4C}.Release|Any CPU.ActiveCfg = Release|Any CPU
		{7256FF07-73DA-4A62-84DB-5FD052678D4C}.Release|Any CPU.Build.0 = Release|Any CPU
		{2DE9F314-9E95-44E2-A361-5127CA0698BE}.Debug|Any CPU.ActiveCfg = Debug|Any CPU
		{2DE9F314-9E95-44E2-A361-5127CA0698BE}.Debug|Any CPU.Build.0 = Debug|Any CPU
		{2DE9F314-9E95-44E2-A361-5127CA0698BE}.Release|Any CPU.ActiveCfg = Release|Any CPU
		{2DE9F314-9E95-44E2-A361-5127CA0698BE}.Release|Any CPU.Build.0 = Release|Any CPU
		{FD3D94B4-3F2C-4573-A97D-6DDE0F96038F}.Debug|Any CPU.ActiveCfg = Debug|Any CPU
		{FD3D94B4-3F2C-4573-A97D-6DDE0F96038F}.Debug|Any CPU.Build.0 = Debug|Any CPU
		{FD3D94B4-3F2C-4573-A97D-6DDE0F96038F}.Release|Any CPU.ActiveCfg = Release|Any CPU
		{FD3D94B4-3F2C-4573-A97D-6DDE0F96038F}.Release|Any CPU.Build.0 = Release|Any CPU
		{82672A82-A3A6-4AB6-BC11-C349B592D0D2}.Debug|Any CPU.ActiveCfg = Debug|Any CPU
		{82672A82-A3A6-4AB6-BC11-C349B592D0D2}.Debug|Any CPU.Build.0 = Debug|Any CPU
		{82672A82-A3A6-4AB6-BC11-C349B592D0D2}.Release|Any CPU.ActiveCfg = Release|Any CPU
		{82672A82-A3A6-4AB6-BC11-C349B592D0D2}.Release|Any CPU.Build.0 = Release|Any CPU
		{9A882FF1-027E-4F1A-8DFD-C65669B868D9}.Debug|Any CPU.ActiveCfg = Debug|Any CPU
		{9A882FF1-027E-4F1A-8DFD-C65669B868D9}.Debug|Any CPU.Build.0 = Debug|Any CPU
		{9A882FF1-027E-4F1A-8DFD-C65669B868D9}.Release|Any CPU.ActiveCfg = Release|Any CPU
		{9A882FF1-027E-4F1A-8DFD-C65669B868D9}.Release|Any CPU.Build.0 = Release|Any CPU
		{A896476F-9819-4ABC-9171-7973BB82813F}.Debug|Any CPU.ActiveCfg = Debug|Any CPU
		{A896476F-9819-4ABC-9171-7973BB82813F}.Debug|Any CPU.Build.0 = Debug|Any CPU
		{A896476F-9819-4ABC-9171-7973BB82813F}.Release|Any CPU.ActiveCfg = Release|Any CPU
		{A896476F-9819-4ABC-9171-7973BB82813F}.Release|Any CPU.Build.0 = Release|Any CPU
		{49DE9744-DE32-49B5-A30D-51D143CD8388}.Debug|Any CPU.ActiveCfg = Debug|Any CPU
		{49DE9744-DE32-49B5-A30D-51D143CD8388}.Debug|Any CPU.Build.0 = Debug|Any CPU
		{49DE9744-DE32-49B5-A30D-51D143CD8388}.Release|Any CPU.ActiveCfg = Release|Any CPU
		{49DE9744-DE32-49B5-A30D-51D143CD8388}.Release|Any CPU.Build.0 = Release|Any CPU
		{6E48601C-9826-4C2D-8AD9-C68441CEE0B8}.Debug|Any CPU.ActiveCfg = Debug|Any CPU
		{6E48601C-9826-4C2D-8AD9-C68441CEE0B8}.Debug|Any CPU.Build.0 = Debug|Any CPU
		{6E48601C-9826-4C2D-8AD9-C68441CEE0B8}.Release|Any CPU.ActiveCfg = Release|Any CPU
		{6E48601C-9826-4C2D-8AD9-C68441CEE0B8}.Release|Any CPU.Build.0 = Release|Any CPU
		{FAA61FAB-2346-4EDC-A867-75C4591C21D5}.Debug|Any CPU.ActiveCfg = Debug|Any CPU
		{FAA61FAB-2346-4EDC-A867-75C4591C21D5}.Debug|Any CPU.Build.0 = Debug|Any CPU
		{FAA61FAB-2346-4EDC-A867-75C4591C21D5}.Release|Any CPU.ActiveCfg = Release|Any CPU
		{FAA61FAB-2346-4EDC-A867-75C4591C21D5}.Release|Any CPU.Build.0 = Release|Any CPU
		{5F780602-B881-4F87-9691-74EA4EC79361}.Debug|Any CPU.ActiveCfg = Debug|Any CPU
		{5F780602-B881-4F87-9691-74EA4EC79361}.Debug|Any CPU.Build.0 = Debug|Any CPU
		{5F780602-B881-4F87-9691-74EA4EC79361}.Release|Any CPU.ActiveCfg = Release|Any CPU
		{5F780602-B881-4F87-9691-74EA4EC79361}.Release|Any CPU.Build.0 = Release|Any CPU
		{BFD89BB1-75AF-4E3F-A667-4D9CC768BEEF}.Debug|Any CPU.ActiveCfg = Debug|Any CPU
		{BFD89BB1-75AF-4E3F-A667-4D9CC768BEEF}.Debug|Any CPU.Build.0 = Debug|Any CPU
		{BFD89BB1-75AF-4E3F-A667-4D9CC768BEEF}.Release|Any CPU.ActiveCfg = Release|Any CPU
		{BFD89BB1-75AF-4E3F-A667-4D9CC768BEEF}.Release|Any CPU.Build.0 = Release|Any CPU
		{37C04F9A-6373-4047-AE8C-869CB40692FA}.Debug|Any CPU.ActiveCfg = Debug|Any CPU
		{37C04F9A-6373-4047-AE8C-869CB40692FA}.Debug|Any CPU.Build.0 = Debug|Any CPU
		{37C04F9A-6373-4047-AE8C-869CB40692FA}.Release|Any CPU.ActiveCfg = Release|Any CPU
		{37C04F9A-6373-4047-AE8C-869CB40692FA}.Release|Any CPU.Build.0 = Release|Any CPU
		{533F98CE-FF08-4C5D-A2CE-EAE0DFAC74DB}.Debug|Any CPU.ActiveCfg = Debug|Any CPU
		{533F98CE-FF08-4C5D-A2CE-EAE0DFAC74DB}.Debug|Any CPU.Build.0 = Debug|Any CPU
		{533F98CE-FF08-4C5D-A2CE-EAE0DFAC74DB}.Release|Any CPU.ActiveCfg = Release|Any CPU
		{533F98CE-FF08-4C5D-A2CE-EAE0DFAC74DB}.Release|Any CPU.Build.0 = Release|Any CPU
		{87E12935-B01F-4918-9644-327BFF6FF0A4}.Debug|Any CPU.ActiveCfg = Debug|Any CPU
		{87E12935-B01F-4918-9644-327BFF6FF0A4}.Debug|Any CPU.Build.0 = Debug|Any CPU
		{87E12935-B01F-4918-9644-327BFF6FF0A4}.Release|Any CPU.ActiveCfg = Release|Any CPU
		{87E12935-B01F-4918-9644-327BFF6FF0A4}.Release|Any CPU.Build.0 = Release|Any CPU
		{5D099EC2-6A27-444E-ACF6-20726396D199}.Debug|Any CPU.ActiveCfg = Debug|Any CPU
		{5D099EC2-6A27-444E-ACF6-20726396D199}.Debug|Any CPU.Build.0 = Debug|Any CPU
		{5D099EC2-6A27-444E-ACF6-20726396D199}.Release|Any CPU.ActiveCfg = Release|Any CPU
		{5D099EC2-6A27-444E-ACF6-20726396D199}.Release|Any CPU.Build.0 = Release|Any CPU
		{289E05ED-94EB-4609-93D4-7D4A51FC7A57}.Debug|Any CPU.ActiveCfg = Debug|Any CPU
		{289E05ED-94EB-4609-93D4-7D4A51FC7A57}.Debug|Any CPU.Build.0 = Debug|Any CPU
		{289E05ED-94EB-4609-93D4-7D4A51FC7A57}.Release|Any CPU.ActiveCfg = Release|Any CPU
		{289E05ED-94EB-4609-93D4-7D4A51FC7A57}.Release|Any CPU.Build.0 = Release|Any CPU
		{4EF500E5-95BF-42BF-9ACD-E253FD8D8755}.Debug|Any CPU.ActiveCfg = Debug|Any CPU
		{4EF500E5-95BF-42BF-9ACD-E253FD8D8755}.Debug|Any CPU.Build.0 = Debug|Any CPU
		{4EF500E5-95BF-42BF-9ACD-E253FD8D8755}.Release|Any CPU.ActiveCfg = Release|Any CPU
		{4EF500E5-95BF-42BF-9ACD-E253FD8D8755}.Release|Any CPU.Build.0 = Release|Any CPU
		{E1F07666-0995-4261-BD62-052ECC172CFD}.Debug|Any CPU.ActiveCfg = Debug|Any CPU
		{E1F07666-0995-4261-BD62-052ECC172CFD}.Debug|Any CPU.Build.0 = Debug|Any CPU
		{E1F07666-0995-4261-BD62-052ECC172CFD}.Release|Any CPU.ActiveCfg = Release|Any CPU
		{E1F07666-0995-4261-BD62-052ECC172CFD}.Release|Any CPU.Build.0 = Release|Any CPU
		{2BCD63B9-4831-48DF-94F0-3316832A1428}.Debug|Any CPU.ActiveCfg = Debug|Any CPU
		{2BCD63B9-4831-48DF-94F0-3316832A1428}.Debug|Any CPU.Build.0 = Debug|Any CPU
		{2BCD63B9-4831-48DF-94F0-3316832A1428}.Release|Any CPU.ActiveCfg = Release|Any CPU
		{2BCD63B9-4831-48DF-94F0-3316832A1428}.Release|Any CPU.Build.0 = Release|Any CPU
		{8732740D-351F-484E-BFBD-5CCEEDF6F1B7}.Debug|Any CPU.ActiveCfg = Debug|Any CPU
		{8732740D-351F-484E-BFBD-5CCEEDF6F1B7}.Debug|Any CPU.Build.0 = Debug|Any CPU
		{8732740D-351F-484E-BFBD-5CCEEDF6F1B7}.Release|Any CPU.ActiveCfg = Release|Any CPU
		{8732740D-351F-484E-BFBD-5CCEEDF6F1B7}.Release|Any CPU.Build.0 = Release|Any CPU
		{E030373D-5DE6-4143-AB1C-F69AE26B90B3}.Debug|Any CPU.ActiveCfg = Debug|Any CPU
		{E030373D-5DE6-4143-AB1C-F69AE26B90B3}.Debug|Any CPU.Build.0 = Debug|Any CPU
		{E030373D-5DE6-4143-AB1C-F69AE26B90B3}.Release|Any CPU.ActiveCfg = Release|Any CPU
		{E030373D-5DE6-4143-AB1C-F69AE26B90B3}.Release|Any CPU.Build.0 = Release|Any CPU
	EndGlobalSection
	GlobalSection(SolutionProperties) = preSolution
		HideSolutionNode = FALSE
	EndGlobalSection
	GlobalSection(NestedProjects) = preSolution
		{2DE9F314-9E95-44E2-A361-5127CA0698BE} = {B030BE69-1E69-4419-AF12-E46769778C15}
		{FD3D94B4-3F2C-4573-A97D-6DDE0F96038F} = {1DDC3B02-197F-493F-8284-879774024A81}
		{82672A82-A3A6-4AB6-BC11-C349B592D0D2} = {1DDC3B02-197F-493F-8284-879774024A81}
		{9A882FF1-027E-4F1A-8DFD-C65669B868D9} = {1DDC3B02-197F-493F-8284-879774024A81}
		{A896476F-9819-4ABC-9171-7973BB82813F} = {D480B1A9-5C40-411E-B23F-B3C7C6229D71}
		{49DE9744-DE32-49B5-A30D-51D143CD8388} = {D480B1A9-5C40-411E-B23F-B3C7C6229D71}
		{6E48601C-9826-4C2D-8AD9-C68441CEE0B8} = {D480B1A9-5C40-411E-B23F-B3C7C6229D71}
		{FAA61FAB-2346-4EDC-A867-75C4591C21D5} = {D480B1A9-5C40-411E-B23F-B3C7C6229D71}
		{5F780602-B881-4F87-9691-74EA4EC79361} = {4D68D644-B4A2-48E1-BC81-73E959D4D01D}
		{BFD89BB1-75AF-4E3F-A667-4D9CC768BEEF} = {4D68D644-B4A2-48E1-BC81-73E959D4D01D}
		{37C04F9A-6373-4047-AE8C-869CB40692FA} = {4D68D644-B4A2-48E1-BC81-73E959D4D01D}
		{533F98CE-FF08-4C5D-A2CE-EAE0DFAC74DB} = {4D68D644-B4A2-48E1-BC81-73E959D4D01D}
		{87E12935-B01F-4918-9644-327BFF6FF0A4} = {4D68D644-B4A2-48E1-BC81-73E959D4D01D}
		{5D099EC2-6A27-444E-ACF6-20726396D199} = {4D68D644-B4A2-48E1-BC81-73E959D4D01D}
		{289E05ED-94EB-4609-93D4-7D4A51FC7A57} = {9F37E7B0-3F28-4340-8CE1-B1EF0AD7AA34}
		{4EF500E5-95BF-42BF-9ACD-E253FD8D8755} = {9F37E7B0-3F28-4340-8CE1-B1EF0AD7AA34}
		{E1F07666-0995-4261-BD62-052ECC172CFD} = {9F37E7B0-3F28-4340-8CE1-B1EF0AD7AA34}
		{2BCD63B9-4831-48DF-94F0-3316832A1428} = {66BD8444-4DDE-4F97-8D0E-4579CE1D9CDD}
		{8732740D-351F-484E-BFBD-5CCEEDF6F1B7} = {66BD8444-4DDE-4F97-8D0E-4579CE1D9CDD}
		{E030373D-5DE6-4143-AB1C-F69AE26B90B3} = {66BD8444-4DDE-4F97-8D0E-4579CE1D9CDD}
	EndGlobalSection
	GlobalSection(ExtensibilityGlobals) = postSolution
		SolutionGuid = {56C58A5C-6B01-432F-BBE1-57D557AEC413}
	EndGlobalSection
EndGlobal
